
Microsoft Visual Studio Solution File, Format Version 12.00
# Visual Studio Version 17
VisualStudioVersion = 17.9.34622.214
MinimumVisualStudioVersion = 10.0.40219.1
Project("{FAE04EC0-301F-11D3-BF4B-00C04F79EFBC}") = "Sample.Api", "Sample.Api\Sample.Api.csproj", "{E2D1AF3A-A4BA-4E69-B63E-12D274707147}"
EndProject
Global
	GlobalSection(SolutionConfigurationPlatforms) = preSolution
		Debug|Any CPU = Debug|Any CPU
		Release|Any CPU = Release|Any CPU
	EndGlobalSection
	GlobalSection(ProjectConfigurationPlatforms) = postSolution
		{E2D1AF3A-A4BA-4E69-B63E-12D274707147}.Debug|Any CPU.ActiveCfg = Debug|Any CPU
		{E2D1AF3A-A4BA-4E69-B63E-12D274707147}.Debug|Any CPU.Build.0 = Debug|Any CPU
		{E2D1AF3A-A4BA-4E69-B63E-12D274707147}.Release|Any CPU.ActiveCfg = Release|Any CPU
		{E2D1AF3A-A4BA-4E69-B63E-12D274707147}.Release|Any CPU.Build.0 = Release|Any CPU
	EndGlobalSection
	GlobalSection(SolutionProperties) = preSolution
		HideSolutionNode = FALSE
	EndGlobalSection
	GlobalSection(ExtensibilityGlobals) = postSolution
		SolutionGuid = {BA23C783-2B6C-4267-B57D-8C896050CDD3}
	EndGlobalSection
EndGlobal
